
Microsoft Visual Studio Solution File, Format Version 12.00
# Visual Studio Version 17
VisualStudioVersion = 17.14.36408.4 d17.14
MinimumVisualStudioVersion = 10.0.40219.1
Project("{FAE04EC0-301F-11D3-BF4B-00C04F79EFBC}") = "prueva github", "prueva github\prueva github.csproj", "{2CDE2547-D9D1-4804-BAE7-D36C637610E9}"
EndProject
Global
	GlobalSection(SolutionConfigurationPlatforms) = preSolution
		Debug|Any CPU = Debug|Any CPU
		Release|Any CPU = Release|Any CPU
	EndGlobalSection
	GlobalSection(ProjectConfigurationPlatforms) = postSolution
		{2CDE2547-D9D1-4804-BAE7-D36C637610E9}.Debug|Any CPU.ActiveCfg = Debug|Any CPU
		{2CDE2547-D9D1-4804-BAE7-D36C637610E9}.Debug|Any CPU.Build.0 = Debug|Any CPU
		{2CDE2547-D9D1-4804-BAE7-D36C637610E9}.Release|Any CPU.ActiveCfg = Release|Any CPU
		{2CDE2547-D9D1-4804-BAE7-D36C637610E9}.Release|Any CPU.Build.0 = Release|Any CPU
	EndGlobalSection
	GlobalSection(SolutionProperties) = preSolution
		HideSolutionNode = FALSE
	EndGlobalSection
	GlobalSection(ExtensibilityGlobals) = postSolution
		SolutionGuid = {0A88B3B6-575A-40EA-A3E2-61D897A4F97D}
	EndGlobalSection
EndGlobal
